
Microsoft Visual Studio Solution File, Format Version 12.00
# Visual Studio 15
VisualStudioVersion = 15.0.26430.15
MinimumVisualStudioVersion = 10.0.40219.1
Project("{FAE04EC0-301F-11D3-BF4B-00C04F79EFBC}") = "MemberApi", "MemberApi\MemberApi.csproj", "{F4D44952-C0F4-4DF1-AD9F-A109B34D4932}"
EndProject
Project("{FAE04EC0-301F-11D3-BF4B-00C04F79EFBC}") = "MemberApi.Tests", "MemberApi.Tests\MemberApi.Tests.csproj", "{FFF277DC-9A8B-4F3A-A40B-F9C0F7E299B1}"
EndProject
Project("{FAE04EC0-301F-11D3-BF4B-00C04F79EFBC}") = "Member.Business", "Member.Business\Member.Business.csproj", "{5E9F8A86-A5D0-455A-AF78-2AC436E4C823}"
EndProject
Project("{FAE04EC0-301F-11D3-BF4B-00C04F79EFBC}") = "Member.Models", "Member.Models\Member.Models.csproj", "{5971D0B0-CB4D-465A-BA8A-94BB7AB28F94}"
EndProject
Project("{FAE04EC0-301F-11D3-BF4B-00C04F79EFBC}") = "Member.DataAccess", "Member.DataAccess\Member.DataAccess.csproj", "{2B125B3E-F74F-4D8B-A959-72AB08253EFC}"
EndProject
Project("{FAE04EC0-301F-11D3-BF4B-00C04F79EFBC}") = "Framework", "Framework\Framework.csproj", "{5EA2A187-A2E5-4A09-8A5A-5AE74B191AEB}"
EndProject
Global
	GlobalSection(SolutionConfigurationPlatforms) = preSolution
		Debug|Any CPU = Debug|Any CPU
		Release|Any CPU = Release|Any CPU
	EndGlobalSection
	GlobalSection(ProjectConfigurationPlatforms) = postSolution
		{F4D44952-C0F4-4DF1-AD9F-A109B34D4932}.Debug|Any CPU.ActiveCfg = Debug|Any CPU
		{F4D44952-C0F4-4DF1-AD9F-A109B34D4932}.Debug|Any CPU.Build.0 = Debug|Any CPU
		{F4D44952-C0F4-4DF1-AD9F-A109B34D4932}.Release|Any CPU.ActiveCfg = Release|Any CPU
		{F4D44952-C0F4-4DF1-AD9F-A109B34D4932}.Release|Any CPU.Build.0 = Release|Any CPU
		{FFF277DC-9A8B-4F3A-A40B-F9C0F7E299B1}.Debug|Any CPU.ActiveCfg = Debug|Any CPU
		{FFF277DC-9A8B-4F3A-A40B-F9C0F7E299B1}.Debug|Any CPU.Build.0 = Debug|Any CPU
		{FFF277DC-9A8B-4F3A-A40B-F9C0F7E299B1}.Release|Any CPU.ActiveCfg = Release|Any CPU
		{FFF277DC-9A8B-4F3A-A40B-F9C0F7E299B1}.Release|Any CPU.Build.0 = Release|Any CPU
		{5E9F8A86-A5D0-455A-AF78-2AC436E4C823}.Debug|Any CPU.ActiveCfg = Debug|Any CPU
		{5E9F8A86-A5D0-455A-AF78-2AC436E4C823}.Debug|Any CPU.Build.0 = Debug|Any CPU
		{5E9F8A86-A5D0-455A-AF78-2AC436E4C823}.Release|Any CPU.ActiveCfg = Release|Any CPU
		{5E9F8A86-A5D0-455A-AF78-2AC436E4C823}.Release|Any CPU.Build.0 = Release|Any CPU
		{5971D0B0-CB4D-465A-BA8A-94BB7AB28F94}.Debug|Any CPU.ActiveCfg = Debug|Any CPU
		{5971D0B0-CB4D-465A-BA8A-94BB7AB28F94}.Debug|Any CPU.Build.0 = Debug|Any CPU
		{5971D0B0-CB4D-465A-BA8A-94BB7AB28F94}.Release|Any CPU.ActiveCfg = Release|Any CPU
		{5971D0B0-CB4D-465A-BA8A-94BB7AB28F94}.Release|Any CPU.Build.0 = Release|Any CPU
		{2B125B3E-F74F-4D8B-A959-72AB08253EFC}.Debug|Any CPU.ActiveCfg = Debug|Any CPU
		{2B125B3E-F74F-4D8B-A959-72AB08253EFC}.Debug|Any CPU.Build.0 = Debug|Any CPU
		{2B125B3E-F74F-4D8B-A959-72AB08253EFC}.Release|Any CPU.ActiveCfg = Release|Any CPU
		{2B125B3E-F74F-4D8B-A959-72AB08253EFC}.Release|Any CPU.Build.0 = Release|Any CPU
		{5EA2A187-A2E5-4A09-8A5A-5AE74B191AEB}.Debug|Any CPU.ActiveCfg = Debug|Any CPU
		{5EA2A187-A2E5-4A09-8A5A-5AE74B191AEB}.Debug|Any CPU.Build.0 = Debug|Any CPU
		{5EA2A187-A2E5-4A09-8A5A-5AE74B191AEB}.Release|Any CPU.ActiveCfg = Release|Any CPU
		{5EA2A187-A2E5-4A09-8A5A-5AE74B191AEB}.Release|Any CPU.Build.0 = Release|Any CPU
	EndGlobalSection
	GlobalSection(SolutionProperties) = preSolution
		HideSolutionNode = FALSE
	EndGlobalSection
EndGlobal
